
Microsoft Visual Studio Solution File, Format Version 12.00
# Visual Studio Version 17
VisualStudioVersion = 17.9.34622.214
MinimumVisualStudioVersion = 10.0.40219.1
Project("{FAE04EC0-301F-11D3-BF4B-00C04F79EFBC}") = "sharmam54_Assignment2", "sharmam54_Assignment2.csproj", "{9D2A8B4A-D99C-46A1-8A09-01F664CD5DEB}"
EndProject
Global
	GlobalSection(SolutionConfigurationPlatforms) = preSolution
		Debug|Any CPU = Debug|Any CPU
		Release|Any CPU = Release|Any CPU
	EndGlobalSection
	GlobalSection(ProjectConfigurationPlatforms) = postSolution
		{9D2A8B4A-D99C-46A1-8A09-01F664CD5DEB}.Debug|Any CPU.ActiveCfg = Debug|Any CPU
		{9D2A8B4A-D99C-46A1-8A09-01F664CD5DEB}.Debug|Any CPU.Build.0 = Debug|Any CPU
		{9D2A8B4A-D99C-46A1-8A09-01F664CD5DEB}.Release|Any CPU.ActiveCfg = Release|Any CPU
		{9D2A8B4A-D99C-46A1-8A09-01F664CD5DEB}.Release|Any CPU.Build.0 = Release|Any CPU
	EndGlobalSection
	GlobalSection(SolutionProperties) = preSolution
		HideSolutionNode = FALSE
	EndGlobalSection
	GlobalSection(ExtensibilityGlobals) = postSolution
		SolutionGuid = {74807FAB-EF1D-49BE-8BA2-EA89E58976DE}
	EndGlobalSection
EndGlobal
